PODS:
  - StaticLibrary/Code (1.0.0)

DEPENDENCIES:
  - StaticLibrary/Code (from `https://github.com/fanlilinSaber/xcframework_study.git`)

EXTERNAL SOURCES:
  StaticLibrary:
    :git: https://github.com/fanlilinSaber/xcframework_study.git

CHECKOUT OPTIONS:
  StaticLibrary:
    :commit: f2f4ca1260e86d483a1d1c53d78983bf7b0ace99
    :git: https://github.com/fanlilinSaber/xcframework_study.git

SPEC CHECKSUMS:
  StaticLibrary: 51f658dcf644d44e76b4a220bccf1be514445b0a

PODFILE CHECKSUM: 09b24d023ca16fa63e73d9303d4a9cfc4d2c9cc5

COCOAPODS: 1.11.3
