PODS:
  - StaticLibrary (1.0.0):
    - StaticLibrary/XCFramework (= 1.0.0)
  - StaticLibrary/XCFramework (1.0.0)

DEPENDENCIES:
  - StaticLibrary (from `https://github.com/fanlilinSaber/xcframework_study.git`)

EXTERNAL SOURCES:
  StaticLibrary:
    :git: https://github.com/fanlilinSaber/xcframework_study.git

CHECKOUT OPTIONS:
  StaticLibrary:
    :commit: 4c0a9d54888d5abb44411ce387ad4a8b63139706
    :git: https://github.com/fanlilinSaber/xcframework_study.git

SPEC CHECKSUMS:
  StaticLibrary: 5523f1e733010c3e342442ce6f9b49eab19db4b1

PODFILE CHECKSUM: adaa6286b3791e766ec63ac488364d8d2323825e

COCOAPODS: 1.11.3
